// !$*UTF8*$!
{
	archiveVersion = 1;
	classes = {
	};
	objectVersion = 46;
	objects = {

/* Begin PBXBuildFile section */
		A117C72F1BA4AD0000964D50 /* AppDelegate.swift in Sources */ = {isa = PBXBuildFile; fileRef = A117C72E1BA4AD0000964D50 /* AppDelegate.swift */; };
		A117C7311BA4AD0000964D50 /* GameScene.sks in Resources */ = {isa = PBXBuildFile; fileRef = A117C7301BA4AD0000964D50 /* GameScene.sks */; };
		A117C7331BA4AD0000964D50 /* GameScene.swift in Sources */ = {isa = PBXBuildFile; fileRef = A117C7321BA4AD0000964D50 /* GameScene.swift */; };
		A117C7351BA4AD0000964D50 /* GameViewController.swift in Sources */ = {isa = PBXBuildFile; fileRef = A117C7341BA4AD0000964D50 /* GameViewController.swift */; };
		A117C7381BA4AD0000964D50 /* Main.storyboard in Resources */ = {isa = PBXBuildFile; fileRef = A117C7361BA4AD0000964D50 /* Main.storyboard */; };
		A117C73A1BA4AD0000964D50 /* Images.xcassets in Resources */ = {isa = PBXBuildFile; fileRef = A117C7391BA4AD0000964D50 /* Images.xcassets */; };
		A117C73D1BA4AD0000964D50 /* LaunchScreen.xib in Resources */ = {isa = PBXBuildFile; fileRef = A117C73B1BA4AD0000964D50 /* LaunchScreen.xib */; };
		A117C7491BA4AD0100964D50 /* Little_Family_TreeTests.swift in Sources */ = {isa = PBXBuildFile; fileRef = A117C7481BA4AD0100964D50 /* Little_Family_TreeTests.swift */; };
		A1576D151BACDADC001517D7 /* house_background2.png in Resources */ = {isa = PBXBuildFile; fileRef = A1576D141BACDADC001517D7 /* house_background2.png */; };
		A1576D191BACDE9B001517D7 /* house_cloud1.png in Resources */ = {isa = PBXBuildFile; fileRef = A1576D181BACDE9B001517D7 /* house_cloud1.png */; };
		A1ACFA601BB562BE003E4D66 /* GenderType.swift in Sources */ = {isa = PBXBuildFile; fileRef = A1ACFA5B1BB562BE003E4D66 /* GenderType.swift */; };
		A1ACFA611BB562BE003E4D66 /* LittlePerson.swift in Sources */ = {isa = PBXBuildFile; fileRef = A1ACFA5C1BB562BE003E4D66 /* LittlePerson.swift */; };
		A1ACFA621BB562BE003E4D66 /* Media.swift in Sources */ = {isa = PBXBuildFile; fileRef = A1ACFA5D1BB562BE003E4D66 /* Media.swift */; };
		A1ACFA631BB562BE003E4D66 /* Relationship.swift in Sources */ = {isa = PBXBuildFile; fileRef = A1ACFA5E1BB562BE003E4D66 /* Relationship.swift */; };
		A1ACFA641BB562BE003E4D66 /* RelationshipType.swift in Sources */ = {isa = PBXBuildFile; fileRef = A1ACFA5F1BB562BE003E4D66 /* RelationshipType.swift */; };
		A1ACFA691BB56B90003E4D66 /* FamilySearchService.swift in Sources */ = {isa = PBXBuildFile; fileRef = A1ACFA661BB56B90003E4D66 /* FamilySearchService.swift */; };
		A1ACFA6A1BB56B90003E4D66 /* RemoteService.swift in Sources */ = {isa = PBXBuildFile; fileRef = A1ACFA671BB56B90003E4D66 /* RemoteService.swift */; };
		A1ACFA6B1BB56B90003E4D66 /* SwiftyJSON.swift in Sources */ = {isa = PBXBuildFile; fileRef = A1ACFA681BB56B90003E4D66 /* SwiftyJSON.swift */; };
		A1B5544F1BB231EF00DF709F /* house_adult_bed.png in Resources */ = {isa = PBXBuildFile; fileRef = A1B5544C1BB231EF00DF709F /* house_adult_bed.png */; };
		A1B554501BB231EF00DF709F /* house_adult_vanity.png in Resources */ = {isa = PBXBuildFile; fileRef = A1B5544D1BB231EF00DF709F /* house_adult_vanity.png */; };
		A1B554511BB231EF00DF709F /* house_adult_wardrobe.png in Resources */ = {isa = PBXBuildFile; fileRef = A1B5544E1BB231EF00DF709F /* house_adult_wardrobe.png */; };
		A1B554561BB2380B00DF709F /* house_light_a1.png in Resources */ = {isa = PBXBuildFile; fileRef = A1B554521BB2380B00DF709F /* house_light_a1.png */; };
		A1B554571BB2380B00DF709F /* house_light_a2.png in Resources */ = {isa = PBXBuildFile; fileRef = A1B554531BB2380B00DF709F /* house_light_a2.png */; };
		A1B554581BB2380B00DF709F /* house_light_b1.png in Resources */ = {isa = PBXBuildFile; fileRef = A1B554541BB2380B00DF709F /* house_light_b1.png */; };
		A1B554591BB2380B00DF709F /* house_light_b2.png in Resources */ = {isa = PBXBuildFile; fileRef = A1B554551BB2380B00DF709F /* house_light_b2.png */; };
		A1B5545B1BB23B7E00DF709F /* house_toys_bat.png in Resources */ = {isa = PBXBuildFile; fileRef = A1B5545A1BB23B7E00DF709F /* house_toys_bat.png */; };
		A1B5545D1BB23B8C00DF709F /* house_toys_blocks.png in Resources */ = {isa = PBXBuildFile; fileRef = A1B5545C1BB23B8C00DF709F /* house_toys_blocks.png */; };
		A1B5545F1BB23B9500DF709F /* house_toys_horse.png in Resources */ = {isa = PBXBuildFile; fileRef = A1B5545E1BB23B9500DF709F /* house_toys_horse.png */; };
		A1B554611BB23BCF00DF709F /* house_music_drums.png in Resources */ = {isa = PBXBuildFile; fileRef = A1B554601BB23BCF00DF709F /* house_music_drums.png */; };
		A1B554651BB23BE400DF709F /* house_music_guitar.png in Resources */ = {isa = PBXBuildFile; fileRef = A1B554621BB23BE400DF709F /* house_music_guitar.png */; };
		A1B554661BB23BE400DF709F /* house_music_piano.png in Resources */ = {isa = PBXBuildFile; fileRef = A1B554631BB23BE400DF709F /* house_music_piano.png */; };
		A1B554671BB23BE400DF709F /* house_music_trumpet.png in Resources */ = {isa = PBXBuildFile; fileRef = A1B554641BB23BE400DF709F /* house_music_trumpet.png */; };
		A1B554691BB240FD00DF709F /* AnimatedStateSprite.swift in Sources */ = {isa = PBXBuildFile; fileRef = A1B554681BB240FD00DF709F /* AnimatedStateSprite.swift */; };
		A1F42BD81BADD03300D85D06 /* house_cloud1a.png in Resources */ = {isa = PBXBuildFile; fileRef = A1F42BD21BADD03300D85D06 /* house_cloud1a.png */; };
		A1F42BD91BADD03300D85D06 /* house_cloud1b.png in Resources */ = {isa = PBXBuildFile; fileRef = A1F42BD31BADD03300D85D06 /* house_cloud1b.png */; };
		A1F42BDA1BADD03300D85D06 /* house_cloud1c.png in Resources */ = {isa = PBXBuildFile; fileRef = A1F42BD41BADD03300D85D06 /* house_cloud1c.png */; };
		A1F42BDB1BADD03300D85D06 /* house_cloud1d.png in Resources */ = {isa = PBXBuildFile; fileRef = A1F42BD51BADD03300D85D06 /* house_cloud1d.png */; };
		A1F42BDC1BADD03300D85D06 /* house_cloud1e.png in Resources */ = {isa = PBXBuildFile; fileRef = A1F42BD61BADD03300D85D06 /* house_cloud1e.png */; };
		A1F42BDD1BADD03300D85D06 /* house_cloud2.png in Resources */ = {isa = PBXBuildFile; fileRef = A1F42BD71BADD03300D85D06 /* house_cloud2.png */; };
		A1F42BDF1BADD3E500D85D06 /* house_tree1.png in Resources */ = {isa = PBXBuildFile; fileRef = A1F42BDE1BADD3E500D85D06 /* house_tree1.png */; };
		A1F42BE51BADD62400D85D06 /* house_flowers_a1.png in Resources */ = {isa = PBXBuildFile; fileRef = A1F42BE01BADD62400D85D06 /* house_flowers_a1.png */; };
		A1F42BE61BADD62400D85D06 /* house_flowers_a2.png in Resources */ = {isa = PBXBuildFile; fileRef = A1F42BE11BADD62400D85D06 /* house_flowers_a2.png */; };
		A1F42BE71BADD62400D85D06 /* house_flowers_a3.png in Resources */ = {isa = PBXBuildFile; fileRef = A1F42BE21BADD62400D85D06 /* house_flowers_a3.png */; };
		A1F42BE81BADD62400D85D06 /* house_flowers_a4.png in Resources */ = {isa = PBXBuildFile; fileRef = A1F42BE31BADD62400D85D06 /* house_flowers_a4.png */; };
		A1F42BE91BADD62400D85D06 /* house_flowers_a5.png in Resources */ = {isa = PBXBuildFile; fileRef = A1F42BE41BADD62400D85D06 /* house_flowers_a5.png */; };
		A1F42C031BADD90A00D85D06 /* house_rooms_0_1.png in Resources */ = {isa = PBXBuildFile; fileRef = A1F42BEC1BADD90A00D85D06 /* house_rooms_0_1.png */; };
		A1F42C041BADD90A00D85D06 /* house_rooms_0_2.png in Resources */ = {isa = PBXBuildFile; fileRef = A1F42BED1BADD90A00D85D06 /* house_rooms_0_2.png */; };
		A1F42C051BADD90A00D85D06 /* house_rooms_0_3.png in Resources */ = {isa = PBXBuildFile; fileRef = A1F42BEE1BADD90A00D85D06 /* house_rooms_0_3.png */; };
		A1F42C061BADD90A00D85D06 /* house_rooms_0_4.png in Resources */ = {isa = PBXBuildFile; fileRef = A1F42BEF1BADD90A00D85D06 /* house_rooms_0_4.png */; };
		A1F42C071BADD90A00D85D06 /* house_rooms_1_0.png in Resources */ = {isa = PBXBuildFile; fileRef = A1F42BF01BADD90A00D85D06 /* house_rooms_1_0.png */; };
		A1F42C081BADD90A00D85D06 /* house_rooms_1_1.png in Resources */ = {isa = PBXBuildFile; fileRef = A1F42BF11BADD90A00D85D06 /* house_rooms_1_1.png */; };
		A1F42C091BADD90A00D85D06 /* house_rooms_1_2.png in Resources */ = {isa = PBXBuildFile; fileRef = A1F42BF21BADD90A00D85D06 /* house_rooms_1_2.png */; };
		A1F42C0A1BADD90A00D85D06 /* house_rooms_1_3.png in Resources */ = {isa = PBXBuildFile; fileRef = A1F42BF31BADD90A00D85D06 /* house_rooms_1_3.png */; };
		A1F42C0B1BADD90A00D85D06 /* house_rooms_1_4.png in Resources */ = {isa = PBXBuildFile; fileRef = A1F42BF41BADD90A00D85D06 /* house_rooms_1_4.png */; };
		A1F42C0C1BADD90A00D85D06 /* house_rooms_2_0.png in Resources */ = {isa = PBXBuildFile; fileRef = A1F42BF51BADD90A00D85D06 /* house_rooms_2_0.png */; };
		A1F42C0D1BADD90A00D85D06 /* house_rooms_2_1.png in Resources */ = {isa = PBXBuildFile; fileRef = A1F42BF61BADD90A00D85D06 /* house_rooms_2_1.png */; };
		A1F42C0E1BADD90A00D85D06 /* house_rooms_2_2.png in Resources */ = {isa = PBXBuildFile; fileRef = A1F42BF71BADD90A00D85D06 /* house_rooms_2_2.png */; };
		A1F42C0F1BADD90A00D85D06 /* house_rooms_2_3.png in Resources */ = {isa = PBXBuildFile; fileRef = A1F42BF81BADD90A00D85D06 /* house_rooms_2_3.png */; };
		A1F42C101BADD90A00D85D06 /* house_rooms_2_4.png in Resources */ = {isa = PBXBuildFile; fileRef = A1F42BF91BADD90A00D85D06 /* house_rooms_2_4.png */; };
		A1F42C111BADD90A00D85D06 /* house_rooms_3_0.png in Resources */ = {isa = PBXBuildFile; fileRef = A1F42BFA1BADD90A00D85D06 /* house_rooms_3_0.png */; };
		A1F42C121BADD90A00D85D06 /* house_rooms_3_1.png in Resources */ = {isa = PBXBuildFile; fileRef = A1F42BFB1BADD90A00D85D06 /* house_rooms_3_1.png */; };
		A1F42C131BADD90A00D85D06 /* house_rooms_3_2.png in Resources */ = {isa = PBXBuildFile; fileRef = A1F42BFC1BADD90A00D85D06 /* house_rooms_3_2.png */; };
		A1F42C141BADD90A00D85D06 /* house_rooms_3_3.png in Resources */ = {isa = PBXBuildFile; fileRef = A1F42BFD1BADD90A00D85D06 /* house_rooms_3_3.png */; };
		A1F42C151BADD90A00D85D06 /* house_rooms_3_4.png in Resources */ = {isa = PBXBuildFile; fileRef = A1F42BFE1BADD90A00D85D06 /* house_rooms_3_4.png */; };
		A1F42C161BADD90A00D85D06 /* house_rooms_4_1.png in Resources */ = {isa = PBXBuildFile; fileRef = A1F42BFF1BADD90A00D85D06 /* house_rooms_4_1.png */; };
		A1F42C171BADD90A00D85D06 /* house_rooms_4_2.png in Resources */ = {isa = PBXBuildFile; fileRef = A1F42C001BADD90A00D85D06 /* house_rooms_4_2.png */; };
		A1F42C181BADD90A00D85D06 /* house_rooms_4_3.png in Resources */ = {isa = PBXBuildFile; fileRef = A1F42C011BADD90A00D85D06 /* house_rooms_4_3.png */; };
		A1F42C191BADD90A00D85D06 /* house_rooms_4_4.png in Resources */ = {isa = PBXBuildFile; fileRef = A1F42C021BADD90A00D85D06 /* house_rooms_4_4.png */; };
		A1F42C1B1BADE97900D85D06 /* house_familyroom_couch.png in Resources */ = {isa = PBXBuildFile; fileRef = A1F42C1A1BADE97900D85D06 /* house_familyroom_couch.png */; };
		A1F42C1E1BADF84000D85D06 /* house_familyroom_lamp1.png in Resources */ = {isa = PBXBuildFile; fileRef = A1F42C1C1BADF84000D85D06 /* house_familyroom_lamp1.png */; };
		A1F42C1F1BADF84000D85D06 /* house_familyroom_table.png in Resources */ = {isa = PBXBuildFile; fileRef = A1F42C1D1BADF84000D85D06 /* house_familyroom_table.png */; };
		A1F42C211BADFA1900D85D06 /* house_familyroom_frame.png in Resources */ = {isa = PBXBuildFile; fileRef = A1F42C201BADFA1900D85D06 /* house_familyroom_frame.png */; };
		A1F42C231BADFA2400D85D06 /* house_chilldroom_bed.png in Resources */ = {isa = PBXBuildFile; fileRef = A1F42C221BADFA2400D85D06 /* house_chilldroom_bed.png */; };
		A1F42C251BADFB2400D85D06 /* house_chilldroom_desk.png in Resources */ = {isa = PBXBuildFile; fileRef = A1F42C241BADFB2400D85D06 /* house_chilldroom_desk.png */; };
		A1F42C271BADFB2E00D85D06 /* house_chilldroom_paint.png in Resources */ = {isa = PBXBuildFile; fileRef = A1F42C261BADFB2E00D85D06 /* house_chilldroom_paint.png */; };
		A1F42C291BADFC2D00D85D06 /* house_chilldroom_teddy.png in Resources */ = {isa = PBXBuildFile; fileRef = A1F42C281BADFC2D00D85D06 /* house_chilldroom_teddy.png */; };
		A1F42C301BADFCCA00D85D06 /* house_kitchen_a.png in Resources */ = {isa = PBXBuildFile; fileRef = A1F42C2A1BADFCCA00D85D06 /* house_kitchen_a.png */; };
		A1F42C311BADFCCA00D85D06 /* house_kitchen_b.png in Resources */ = {isa = PBXBuildFile; fileRef = A1F42C2B1BADFCCA00D85D06 /* house_kitchen_b.png */; };
		A1F42C321BADFCCA00D85D06 /* house_kitchen_c.png in Resources */ = {isa = PBXBuildFile; fileRef = A1F42C2C1BADFCCA00D85D06 /* house_kitchen_c.png */; };
		A1F42C331BADFCCA00D85D06 /* house_kitchen_d.png in Resources */ = {isa = PBXBuildFile; fileRef = A1F42C2D1BADFCCA00D85D06 /* house_kitchen_d.png */; };
		A1F42C341BADFCCA00D85D06 /* house_kitchen_e.png in Resources */ = {isa = PBXBuildFile; fileRef = A1F42C2E1BADFCCA00D85D06 /* house_kitchen_e.png */; };
		A1F42C351BADFCCA00D85D06 /* house_kitchen_freezer.png in Resources */ = {isa = PBXBuildFile; fileRef = A1F42C2F1BADFCCA00D85D06 /* house_kitchen_freezer.png */; };
		A1F42C371BADFCD500D85D06 /* house_kitchen_fridge.png in Resources */ = {isa = PBXBuildFile; fileRef = A1F42C361BADFCD500D85D06 /* house_kitchen_fridge.png */; };
		A1F42C391BADFCE100D85D06 /* house_kitchen_kettle.png in Resources */ = {isa = PBXBuildFile; fileRef = A1F42C381BADFCE100D85D06 /* house_kitchen_kettle.png */; };
		A1F42C3B1BADFCED00D85D06 /* house_toaster1.png in Resources */ = {isa = PBXBuildFile; fileRef = A1F42C3A1BADFCED00D85D06 /* house_toaster1.png */; };
/* End PBXBuildFile section */

/* Begin PBXContainerItemProxy section */
		A117C7431BA4AD0100964D50 /* PBXContainerItemProxy */ = {
			isa = PBXContainerItemProxy;
			containerPortal = A117C7211BA4AD0000964D50 /* Project object */;
			proxyType = 1;
			remoteGlobalIDString = A117C7281BA4AD0000964D50;
			remoteInfo = "Little Family Tree";
		};
/* End PBXContainerItemProxy section */

/* Begin PBXFileReference section */
		A117C7291BA4AD0000964D50 /* Little Family Tree.app */ = {isa = PBXFileReference; explicitFileType = wrapper.application; includeInIndex = 0; path = "Little Family Tree.app"; sourceTree = BUILT_PRODUCTS_DIR; };
		A117C72D1BA4AD0000964D50 /* Info.plist */ = {isa = PBXFileReference; lastKnownFileType = text.plist.xml; path = Info.plist; sourceTree = "<group>"; };
		A117C72E1BA4AD0000964D50 /* AppDelegate.swift */ = {isa = PBXFileReference; lastKnownFileType = sourcecode.swift; path = AppDelegate.swift; sourceTree = "<group>"; };
		A117C7301BA4AD0000964D50 /* GameScene.sks */ = {isa = PBXFileReference; lastKnownFileType = file.sks; path = GameScene.sks; sourceTree = "<group>"; };
		A117C7321BA4AD0000964D50 /* GameScene.swift */ = {isa = PBXFileReference; lastKnownFileType = sourcecode.swift; path = GameScene.swift; sourceTree = "<group>"; };
		A117C7341BA4AD0000964D50 /* GameViewController.swift */ = {isa = PBXFileReference; lastKnownFileType = sourcecode.swift; path = GameViewController.swift; sourceTree = "<group>"; };
		A117C7371BA4AD0000964D50 /* Base */ = {isa = PBXFileReference; lastKnownFileType = file.storyboard; name = Base; path = Base.lproj/Main.storyboard; sourceTree = "<group>"; };
		A117C7391BA4AD0000964D50 /* Images.xcassets */ = {isa = PBXFileReference; lastKnownFileType = folder.assetcatalog; path = Images.xcassets; sourceTree = "<group>"; };
		A117C73C1BA4AD0000964D50 /* Base */ = {isa = PBXFileReference; lastKnownFileType = file.xib; name = Base; path = Base.lproj/LaunchScreen.xib; sourceTree = "<group>"; };
		A117C7421BA4AD0100964D50 /* Little Family TreeTests.xctest */ = {isa = PBXFileReference; explicitFileType = wrapper.cfbundle; includeInIndex = 0; path = "Little Family TreeTests.xctest"; sourceTree = BUILT_PRODUCTS_DIR; };
		A117C7471BA4AD0100964D50 /* Info.plist */ = {isa = PBXFileReference; lastKnownFileType = text.plist.xml; path = Info.plist; sourceTree = "<group>"; };
		A117C7481BA4AD0100964D50 /* Little_Family_TreeTests.swift */ = {isa = PBXFileReference; lastKnownFileType = sourcecode.swift; path = Little_Family_TreeTests.swift; sourceTree = "<group>"; };
		A1576D141BACDADC001517D7 /* house_background2.png */ = {isa = PBXFileReference; lastKnownFileType = image.png; path = house_background2.png; sourceTree = "<group>"; };
		A1576D181BACDE9B001517D7 /* house_cloud1.png */ = {isa = PBXFileReference; lastKnownFileType = image.png; path = house_cloud1.png; sourceTree = "<group>"; };
		A1ACFA5B1BB562BE003E4D66 /* GenderType.swift */ = {isa = PBXFileReference; fileEncoding = 4; lastKnownFileType = sourcecode.swift; path = GenderType.swift; sourceTree = "<group>"; };
		A1ACFA5C1BB562BE003E4D66 /* LittlePerson.swift */ = {isa = PBXFileReference; fileEncoding = 4; lastKnownFileType = sourcecode.swift; path = LittlePerson.swift; sourceTree = "<group>"; };
		A1ACFA5D1BB562BE003E4D66 /* Media.swift */ = {isa = PBXFileReference; fileEncoding = 4; lastKnownFileType = sourcecode.swift; path = Media.swift; sourceTree = "<group>"; };
		A1ACFA5E1BB562BE003E4D66 /* Relationship.swift */ = {isa = PBXFileReference; fileEncoding = 4; lastKnownFileType = sourcecode.swift; path = Relationship.swift; sourceTree = "<group>"; };
		A1ACFA5F1BB562BE003E4D66 /* RelationshipType.swift */ = {isa = PBXFileReference; fileEncoding = 4; lastKnownFileType = sourcecode.swift; path = RelationshipType.swift; sourceTree = "<group>"; };
		A1ACFA661BB56B90003E4D66 /* FamilySearchService.swift */ = {isa = PBXFileReference; fileEncoding = 4; lastKnownFileType = sourcecode.swift; path = FamilySearchService.swift; sourceTree = "<group>"; };
		A1ACFA671BB56B90003E4D66 /* RemoteService.swift */ = {isa = PBXFileReference; fileEncoding = 4; lastKnownFileType = sourcecode.swift; path = RemoteService.swift; sourceTree = "<group>"; };
		A1ACFA681BB56B90003E4D66 /* SwiftyJSON.swift */ = {isa = PBXFileReference; fileEncoding = 4; lastKnownFileType = sourcecode.swift; path = SwiftyJSON.swift; sourceTree = "<group>"; };
		A1B5544C1BB231EF00DF709F /* house_adult_bed.png */ = {isa = PBXFileReference; lastKnownFileType = image.png; path = house_adult_bed.png; sourceTree = "<group>"; };
		A1B5544D1BB231EF00DF709F /* house_adult_vanity.png */ = {isa = PBXFileReference; lastKnownFileType = image.png; path = house_adult_vanity.png; sourceTree = "<group>"; };
		A1B5544E1BB231EF00DF709F /* house_adult_wardrobe.png */ = {isa = PBXFileReference; lastKnownFileType = image.png; path = house_adult_wardrobe.png; sourceTree = "<group>"; };
		A1B554521BB2380B00DF709F /* house_light_a1.png */ = {isa = PBXFileReference; lastKnownFileType = image.png; path = house_light_a1.png; sourceTree = "<group>"; };
		A1B554531BB2380B00DF709F /* house_light_a2.png */ = {isa = PBXFileReference; lastKnownFileType = image.png; path = house_light_a2.png; sourceTree = "<group>"; };
		A1B554541BB2380B00DF709F /* house_light_b1.png */ = {isa = PBXFileReference; lastKnownFileType = image.png; path = house_light_b1.png; sourceTree = "<group>"; };
		A1B554551BB2380B00DF709F /* house_light_b2.png */ = {isa = PBXFileReference; lastKnownFileType = image.png; path = house_light_b2.png; sourceTree = "<group>"; };
		A1B5545A1BB23B7E00DF709F /* house_toys_bat.png */ = {isa = PBXFileReference; lastKnownFileType = image.png; path = house_toys_bat.png; sourceTree = "<group>"; };
		A1B5545C1BB23B8C00DF709F /* house_toys_blocks.png */ = {isa = PBXFileReference; lastKnownFileType = image.png; path = house_toys_blocks.png; sourceTree = "<group>"; };
		A1B5545E1BB23B9500DF709F /* house_toys_horse.png */ = {isa = PBXFileReference; lastKnownFileType = image.png; path = house_toys_horse.png; sourceTree = "<group>"; };
		A1B554601BB23BCF00DF709F /* house_music_drums.png */ = {isa = PBXFileReference; lastKnownFileType = image.png; path = house_music_drums.png; sourceTree = "<group>"; };
		A1B554621BB23BE400DF709F /* house_music_guitar.png */ = {isa = PBXFileReference; lastKnownFileType = image.png; path = house_music_guitar.png; sourceTree = "<group>"; };
		A1B554631BB23BE400DF709F /* house_music_piano.png */ = {isa = PBXFileReference; lastKnownFileType = image.png; path = house_music_piano.png; sourceTree = "<group>"; };
		A1B554641BB23BE400DF709F /* house_music_trumpet.png */ = {isa = PBXFileReference; lastKnownFileType = image.png; path = house_music_trumpet.png; sourceTree = "<group>"; };
		A1B554681BB240FD00DF709F /* AnimatedStateSprite.swift */ = {isa = PBXFileReference; fileEncoding = 4; lastKnownFileType = sourcecode.swift; path = AnimatedStateSprite.swift; sourceTree = "<group>"; };
		A1F42BD21BADD03300D85D06 /* house_cloud1a.png */ = {isa = PBXFileReference; lastKnownFileType = image.png; path = house_cloud1a.png; sourceTree = "<group>"; };
		A1F42BD31BADD03300D85D06 /* house_cloud1b.png */ = {isa = PBXFileReference; lastKnownFileType = image.png; path = house_cloud1b.png; sourceTree = "<group>"; };
		A1F42BD41BADD03300D85D06 /* house_cloud1c.png */ = {isa = PBXFileReference; lastKnownFileType = image.png; path = house_cloud1c.png; sourceTree = "<group>"; };
		A1F42BD51BADD03300D85D06 /* house_cloud1d.png */ = {isa = PBXFileReference; lastKnownFileType = image.png; path = house_cloud1d.png; sourceTree = "<group>"; };
		A1F42BD61BADD03300D85D06 /* house_cloud1e.png */ = {isa = PBXFileReference; lastKnownFileType = image.png; path = house_cloud1e.png; sourceTree = "<group>"; };
		A1F42BD71BADD03300D85D06 /* house_cloud2.png */ = {isa = PBXFileReference; lastKnownFileType = image.png; path = house_cloud2.png; sourceTree = "<group>"; };
		A1F42BDE1BADD3E500D85D06 /* house_tree1.png */ = {isa = PBXFileReference; lastKnownFileType = image.png; path = house_tree1.png; sourceTree = "<group>"; };
		A1F42BE01BADD62400D85D06 /* house_flowers_a1.png */ = {isa = PBXFileReference; lastKnownFileType = image.png; path = house_flowers_a1.png; sourceTree = "<group>"; };
		A1F42BE11BADD62400D85D06 /* house_flowers_a2.png */ = {isa = PBXFileReference; lastKnownFileType = image.png; path = house_flowers_a2.png; sourceTree = "<group>"; };
		A1F42BE21BADD62400D85D06 /* house_flowers_a3.png */ = {isa = PBXFileReference; lastKnownFileType = image.png; path = house_flowers_a3.png; sourceTree = "<group>"; };
		A1F42BE31BADD62400D85D06 /* house_flowers_a4.png */ = {isa = PBXFileReference; lastKnownFileType = image.png; path = house_flowers_a4.png; sourceTree = "<group>"; };
		A1F42BE41BADD62400D85D06 /* house_flowers_a5.png */ = {isa = PBXFileReference; lastKnownFileType = image.png; path = house_flowers_a5.png; sourceTree = "<group>"; };
		A1F42BEC1BADD90A00D85D06 /* house_rooms_0_1.png */ = {isa = PBXFileReference; lastKnownFileType = image.png; path = house_rooms_0_1.png; sourceTree = "<group>"; };
		A1F42BED1BADD90A00D85D06 /* house_rooms_0_2.png */ = {isa = PBXFileReference; lastKnownFileType = image.png; path = house_rooms_0_2.png; sourceTree = "<group>"; };
		A1F42BEE1BADD90A00D85D06 /* house_rooms_0_3.png */ = {isa = PBXFileReference; lastKnownFileType = image.png; path = house_rooms_0_3.png; sourceTree = "<group>"; };
		A1F42BEF1BADD90A00D85D06 /* house_rooms_0_4.png */ = {isa = PBXFileReference; lastKnownFileType = image.png; path = house_rooms_0_4.png; sourceTree = "<group>"; };
		A1F42BF01BADD90A00D85D06 /* house_rooms_1_0.png */ = {isa = PBXFileReference; lastKnownFileType = image.png; path = house_rooms_1_0.png; sourceTree = "<group>"; };
		A1F42BF11BADD90A00D85D06 /* house_rooms_1_1.png */ = {isa = PBXFileReference; lastKnownFileType = image.png; path = house_rooms_1_1.png; sourceTree = "<group>"; };
		A1F42BF21BADD90A00D85D06 /* house_rooms_1_2.png */ = {isa = PBXFileReference; lastKnownFileType = image.png; path = house_rooms_1_2.png; sourceTree = "<group>"; };
		A1F42BF31BADD90A00D85D06 /* house_rooms_1_3.png */ = {isa = PBXFileReference; lastKnownFileType = image.png; path = house_rooms_1_3.png; sourceTree = "<group>"; };
		A1F42BF41BADD90A00D85D06 /* house_rooms_1_4.png */ = {isa = PBXFileReference; lastKnownFileType = image.png; path = house_rooms_1_4.png; sourceTree = "<group>"; };
		A1F42BF51BADD90A00D85D06 /* house_rooms_2_0.png */ = {isa = PBXFileReference; lastKnownFileType = image.png; path = house_rooms_2_0.png; sourceTree = "<group>"; };
		A1F42BF61BADD90A00D85D06 /* house_rooms_2_1.png */ = {isa = PBXFileReference; lastKnownFileType = image.png; path = house_rooms_2_1.png; sourceTree = "<group>"; };
		A1F42BF71BADD90A00D85D06 /* house_rooms_2_2.png */ = {isa = PBXFileReference; lastKnownFileType = image.png; path = house_rooms_2_2.png; sourceTree = "<group>"; };
		A1F42BF81BADD90A00D85D06 /* house_rooms_2_3.png */ = {isa = PBXFileReference; lastKnownFileType = image.png; path = house_rooms_2_3.png; sourceTree = "<group>"; };
		A1F42BF91BADD90A00D85D06 /* house_rooms_2_4.png */ = {isa = PBXFileReference; lastKnownFileType = image.png; path = house_rooms_2_4.png; sourceTree = "<group>"; };
		A1F42BFA1BADD90A00D85D06 /* house_rooms_3_0.png */ = {isa = PBXFileReference; lastKnownFileType = image.png; path = house_rooms_3_0.png; sourceTree = "<group>"; };
		A1F42BFB1BADD90A00D85D06 /* house_rooms_3_1.png */ = {isa = PBXFileReference; lastKnownFileType = image.png; path = house_rooms_3_1.png; sourceTree = "<group>"; };
		A1F42BFC1BADD90A00D85D06 /* house_rooms_3_2.png */ = {isa = PBXFileReference; lastKnownFileType = image.png; path = house_rooms_3_2.png; sourceTree = "<group>"; };
		A1F42BFD1BADD90A00D85D06 /* house_rooms_3_3.png */ = {isa = PBXFileReference; lastKnownFileType = image.png; path = house_rooms_3_3.png; sourceTree = "<group>"; };
		A1F42BFE1BADD90A00D85D06 /* house_rooms_3_4.png */ = {isa = PBXFileReference; lastKnownFileType = image.png; path = house_rooms_3_4.png; sourceTree = "<group>"; };
		A1F42BFF1BADD90A00D85D06 /* house_rooms_4_1.png */ = {isa = PBXFileReference; lastKnownFileType = image.png; path = house_rooms_4_1.png; sourceTree = "<group>"; };
		A1F42C001BADD90A00D85D06 /* house_rooms_4_2.png */ = {isa = PBXFileReference; lastKnownFileType = image.png; path = house_rooms_4_2.png; sourceTree = "<group>"; };
		A1F42C011BADD90A00D85D06 /* house_rooms_4_3.png */ = {isa = PBXFileReference; lastKnownFileType = image.png; path = house_rooms_4_3.png; sourceTree = "<group>"; };
		A1F42C021BADD90A00D85D06 /* house_rooms_4_4.png */ = {isa = PBXFileReference; lastKnownFileType = image.png; path = house_rooms_4_4.png; sourceTree = "<group>"; };
		A1F42C1A1BADE97900D85D06 /* house_familyroom_couch.png */ = {isa = PBXFileReference; lastKnownFileType = image.png; name = house_familyroom_couch.png; path = tiles/house_familyroom_couch.png; sourceTree = "<group>"; };
		A1F42C1C1BADF84000D85D06 /* house_familyroom_lamp1.png */ = {isa = PBXFileReference; lastKnownFileType = image.png; name = house_familyroom_lamp1.png; path = tiles/house_familyroom_lamp1.png; sourceTree = "<group>"; };
		A1F42C1D1BADF84000D85D06 /* house_familyroom_table.png */ = {isa = PBXFileReference; lastKnownFileType = image.png; name = house_familyroom_table.png; path = tiles/house_familyroom_table.png; sourceTree = "<group>"; };
		A1F42C201BADFA1900D85D06 /* house_familyroom_frame.png */ = {isa = PBXFileReference; lastKnownFileType = image.png; name = house_familyroom_frame.png; path = tiles/house_familyroom_frame.png; sourceTree = "<group>"; };
		A1F42C221BADFA2400D85D06 /* house_chilldroom_bed.png */ = {isa = PBXFileReference; lastKnownFileType = image.png; name = house_chilldroom_bed.png; path = tiles/house_chilldroom_bed.png; sourceTree = "<group>"; };
		A1F42C241BADFB2400D85D06 /* house_chilldroom_desk.png */ = {isa = PBXFileReference; lastKnownFileType = image.png; name = house_chilldroom_desk.png; path = tiles/house_chilldroom_desk.png; sourceTree = "<group>"; };
		A1F42C261BADFB2E00D85D06 /* house_chilldroom_paint.png */ = {isa = PBXFileReference; lastKnownFileType = image.png; name = house_chilldroom_paint.png; path = tiles/house_chilldroom_paint.png; sourceTree = "<group>"; };
		A1F42C281BADFC2D00D85D06 /* house_chilldroom_teddy.png */ = {isa = PBXFileReference; lastKnownFileType = image.png; name = house_chilldroom_teddy.png; path = tiles/house_chilldroom_teddy.png; sourceTree = "<group>"; };
		A1F42C2A1BADFCCA00D85D06 /* house_kitchen_a.png */ = {isa = PBXFileReference; lastKnownFileType = image.png; name = house_kitchen_a.png; path = tiles/house_kitchen_a.png; sourceTree = "<group>"; };
		A1F42C2B1BADFCCA00D85D06 /* house_kitchen_b.png */ = {isa = PBXFileReference; lastKnownFileType = image.png; name = house_kitchen_b.png; path = tiles/house_kitchen_b.png; sourceTree = "<group>"; };
		A1F42C2C1BADFCCA00D85D06 /* house_kitchen_c.png */ = {isa = PBXFileReference; lastKnownFileType = image.png; name = house_kitchen_c.png; path = tiles/house_kitchen_c.png; sourceTree = "<group>"; };
		A1F42C2D1BADFCCA00D85D06 /* house_kitchen_d.png */ = {isa = PBXFileReference; lastKnownFileType = image.png; name = house_kitchen_d.png; path = tiles/house_kitchen_d.png; sourceTree = "<group>"; };
		A1F42C2E1BADFCCA00D85D06 /* house_kitchen_e.png */ = {isa = PBXFileReference; lastKnownFileType = image.png; name = house_kitchen_e.png; path = tiles/house_kitchen_e.png; sourceTree = "<group>"; };
		A1F42C2F1BADFCCA00D85D06 /* house_kitchen_freezer.png */ = {isa = PBXFileReference; lastKnownFileType = image.png; name = house_kitchen_freezer.png; path = tiles/house_kitchen_freezer.png; sourceTree = "<group>"; };
		A1F42C361BADFCD500D85D06 /* house_kitchen_fridge.png */ = {isa = PBXFileReference; lastKnownFileType = image.png; name = house_kitchen_fridge.png; path = tiles/house_kitchen_fridge.png; sourceTree = "<group>"; };
		A1F42C381BADFCE100D85D06 /* house_kitchen_kettle.png */ = {isa = PBXFileReference; lastKnownFileType = image.png; name = house_kitchen_kettle.png; path = tiles/house_kitchen_kettle.png; sourceTree = "<group>"; };
		A1F42C3A1BADFCED00D85D06 /* house_toaster1.png */ = {isa = PBXFileReference; lastKnownFileType = image.png; name = house_toaster1.png; path = tiles/house_toaster1.png; sourceTree = "<group>"; };
/* End PBXFileReference section */

/* Begin PBXFrameworksBuildPhase section */
		A117C7261BA4AD0000964D50 /* Frameworks */ = {
			isa = PBXFrameworksBuildPhase;
			buildActionMask = 2147483647;
			files = (
			);
			runOnlyForDeploymentPostprocessing = 0;
		};
		A117C73F1BA4AD0100964D50 /* Frameworks */ = {
			isa = PBXFrameworksBuildPhase;
			buildActionMask = 2147483647;
			files = (
			);
			runOnlyForDeploymentPostprocessing = 0;
		};
/* End PBXFrameworksBuildPhase section */

/* Begin PBXGroup section */
		A117C7201BA4AD0000964D50 = {
			isa = PBXGroup;
			children = (
				A117C72B1BA4AD0000964D50 /* Little Family Tree */,
				A117C7451BA4AD0100964D50 /* Little Family TreeTests */,
				A117C72A1BA4AD0000964D50 /* Products */,
			);
			sourceTree = "<group>";
		};
		A117C72A1BA4AD0000964D50 /* Products */ = {
			isa = PBXGroup;
			children = (
				A117C7291BA4AD0000964D50 /* Little Family Tree.app */,
				A117C7421BA4AD0100964D50 /* Little Family TreeTests.xctest */,
			);
			name = Products;
			sourceTree = "<group>";
		};
		A117C72B1BA4AD0000964D50 /* Little Family Tree */ = {
			isa = PBXGroup;
			children = (
				A117C72E1BA4AD0000964D50 /* AppDelegate.swift */,
				A1576D161BACDE39001517D7 /* assets */,
				A1ACFA5A1BB562BE003E4D66 /* data */,
				A117C7341BA4AD0000964D50 /* GameViewController.swift */,
				A117C7391BA4AD0000964D50 /* Images.xcassets */,
				A117C73B1BA4AD0000964D50 /* LaunchScreen.xib */,
				A117C7361BA4AD0000964D50 /* Main.storyboard */,
				A1ACFA651BB56B90003E4D66 /* remote */,
				A1B5546B1BB242CD00DF709F /* scenes */,
				A1B5546A1BB2416500DF709F /* sprites */,
				A117C72C1BA4AD0000964D50 /* Supporting Files */,
			);
			path = "Little Family Tree";
			sourceTree = "<group>";
		};
		A117C72C1BA4AD0000964D50 /* Supporting Files */ = {
			isa = PBXGroup;
			children = (
				A117C72D1BA4AD0000964D50 /* Info.plist */,
			);
			name = "Supporting Files";
			sourceTree = "<group>";
		};
		A117C7451BA4AD0100964D50 /* Little Family TreeTests */ = {
			isa = PBXGroup;
			children = (
				A117C7481BA4AD0100964D50 /* Little_Family_TreeTests.swift */,
				A117C7461BA4AD0100964D50 /* Supporting Files */,
			);
			path = "Little Family TreeTests";
			sourceTree = "<group>";
		};
		A117C7461BA4AD0100964D50 /* Supporting Files */ = {
			isa = PBXGroup;
			children = (
				A117C7471BA4AD0100964D50 /* Info.plist */,
			);
			name = "Supporting Files";
			sourceTree = "<group>";
		};
		A1576D161BACDE39001517D7 /* assets */ = {
			isa = PBXGroup;
			children = (
				A1576D171BACDE41001517D7 /* house */,
			);
			name = assets;
			sourceTree = "<group>";
		};
		A1576D171BACDE41001517D7 /* house */ = {
			isa = PBXGroup;
			children = (
				A1F42BEB1BADD90A00D85D06 /* tiles */,
				A1576D141BACDADC001517D7 /* house_background2.png */,
				A1576D181BACDE9B001517D7 /* house_cloud1.png */,
				A1F42BD21BADD03300D85D06 /* house_cloud1a.png */,
				A1F42BD31BADD03300D85D06 /* house_cloud1b.png */,
				A1F42BD41BADD03300D85D06 /* house_cloud1c.png */,
				A1F42BD51BADD03300D85D06 /* house_cloud1d.png */,
				A1F42BD61BADD03300D85D06 /* house_cloud1e.png */,
				A1F42BD71BADD03300D85D06 /* house_cloud2.png */,
				A1F42BE01BADD62400D85D06 /* house_flowers_a1.png */,
				A1F42BE11BADD62400D85D06 /* house_flowers_a2.png */,
				A1F42BE21BADD62400D85D06 /* house_flowers_a3.png */,
				A1F42BE31BADD62400D85D06 /* house_flowers_a4.png */,
				A1F42BE41BADD62400D85D06 /* house_flowers_a5.png */,
				A1F42BDE1BADD3E500D85D06 /* house_tree1.png */,
				A1F42C1A1BADE97900D85D06 /* house_familyroom_couch.png */,
				A1F42C1C1BADF84000D85D06 /* house_familyroom_lamp1.png */,
				A1F42C1D1BADF84000D85D06 /* house_familyroom_table.png */,
				A1F42C201BADFA1900D85D06 /* house_familyroom_frame.png */,
				A1F42C221BADFA2400D85D06 /* house_chilldroom_bed.png */,
				A1F42C241BADFB2400D85D06 /* house_chilldroom_desk.png */,
				A1F42C261BADFB2E00D85D06 /* house_chilldroom_paint.png */,
				A1F42C281BADFC2D00D85D06 /* house_chilldroom_teddy.png */,
				A1F42C2A1BADFCCA00D85D06 /* house_kitchen_a.png */,
				A1F42C2B1BADFCCA00D85D06 /* house_kitchen_b.png */,
				A1F42C2C1BADFCCA00D85D06 /* house_kitchen_c.png */,
				A1F42C2D1BADFCCA00D85D06 /* house_kitchen_d.png */,
				A1F42C2E1BADFCCA00D85D06 /* house_kitchen_e.png */,
				A1F42C2F1BADFCCA00D85D06 /* house_kitchen_freezer.png */,
				A1F42C361BADFCD500D85D06 /* house_kitchen_fridge.png */,
				A1F42C381BADFCE100D85D06 /* house_kitchen_kettle.png */,
				A1F42C3A1BADFCED00D85D06 /* house_toaster1.png */,
				A1B5544C1BB231EF00DF709F /* house_adult_bed.png */,
				A1B5544D1BB231EF00DF709F /* house_adult_vanity.png */,
				A1B5544E1BB231EF00DF709F /* house_adult_wardrobe.png */,
				A1B554521BB2380B00DF709F /* house_light_a1.png */,
				A1B554531BB2380B00DF709F /* house_light_a2.png */,
				A1B554541BB2380B00DF709F /* house_light_b1.png */,
				A1B554551BB2380B00DF709F /* house_light_b2.png */,
				A1B5545A1BB23B7E00DF709F /* house_toys_bat.png */,
				A1B5545C1BB23B8C00DF709F /* house_toys_blocks.png */,
				A1B5545E1BB23B9500DF709F /* house_toys_horse.png */,
				A1B554601BB23BCF00DF709F /* house_music_drums.png */,
				A1B554621BB23BE400DF709F /* house_music_guitar.png */,
				A1B554631BB23BE400DF709F /* house_music_piano.png */,
				A1B554641BB23BE400DF709F /* house_music_trumpet.png */,
			);
			name = house;
			sourceTree = "<group>";
		};
		A1ACFA5A1BB562BE003E4D66 /* data */ = {
			isa = PBXGroup;
			children = (
				A1ACFA5B1BB562BE003E4D66 /* GenderType.swift */,
				A1ACFA5C1BB562BE003E4D66 /* LittlePerson.swift */,
				A1ACFA5D1BB562BE003E4D66 /* Media.swift */,
				A1ACFA5E1BB562BE003E4D66 /* Relationship.swift */,
				A1ACFA5F1BB562BE003E4D66 /* RelationshipType.swift */,
			);
			path = data;
			sourceTree = "<group>";
		};
		A1ACFA651BB56B90003E4D66 /* remote */ = {
			isa = PBXGroup;
			children = (
				A1ACFA661BB56B90003E4D66 /* FamilySearchService.swift */,
				A1ACFA671BB56B90003E4D66 /* RemoteService.swift */,
				A1ACFA681BB56B90003E4D66 /* SwiftyJSON.swift */,
			);
			path = remote;
			sourceTree = "<group>";
		};
		A1B5546A1BB2416500DF709F /* sprites */ = {
			isa = PBXGroup;
			children = (
				A1B554681BB240FD00DF709F /* AnimatedStateSprite.swift */,
			);
			name = sprites;
			sourceTree = "<group>";
		};
		A1B5546B1BB242CD00DF709F /* scenes */ = {
			isa = PBXGroup;
			children = (
				A117C7301BA4AD0000964D50 /* GameScene.sks */,
				A117C7321BA4AD0000964D50 /* GameScene.swift */,
			);
			name = scenes;
			sourceTree = "<group>";
		};
		A1F42BEB1BADD90A00D85D06 /* tiles */ = {
			isa = PBXGroup;
			children = (
				A1F42BEC1BADD90A00D85D06 /* house_rooms_0_1.png */,
				A1F42BED1BADD90A00D85D06 /* house_rooms_0_2.png */,
				A1F42BEE1BADD90A00D85D06 /* house_rooms_0_3.png */,
				A1F42BEF1BADD90A00D85D06 /* house_rooms_0_4.png */,
				A1F42BF01BADD90A00D85D06 /* house_rooms_1_0.png */,
				A1F42BF11BADD90A00D85D06 /* house_rooms_1_1.png */,
				A1F42BF21BADD90A00D85D06 /* house_rooms_1_2.png */,
				A1F42BF31BADD90A00D85D06 /* house_rooms_1_3.png */,
				A1F42BF41BADD90A00D85D06 /* house_rooms_1_4.png */,
				A1F42BF51BADD90A00D85D06 /* house_rooms_2_0.png */,
				A1F42BF61BADD90A00D85D06 /* house_rooms_2_1.png */,
				A1F42BF71BADD90A00D85D06 /* house_rooms_2_2.png */,
				A1F42BF81BADD90A00D85D06 /* house_rooms_2_3.png */,
				A1F42BF91BADD90A00D85D06 /* house_rooms_2_4.png */,
				A1F42BFA1BADD90A00D85D06 /* house_rooms_3_0.png */,
				A1F42BFB1BADD90A00D85D06 /* house_rooms_3_1.png */,
				A1F42BFC1BADD90A00D85D06 /* house_rooms_3_2.png */,
				A1F42BFD1BADD90A00D85D06 /* house_rooms_3_3.png */,
				A1F42BFE1BADD90A00D85D06 /* house_rooms_3_4.png */,
				A1F42BFF1BADD90A00D85D06 /* house_rooms_4_1.png */,
				A1F42C001BADD90A00D85D06 /* house_rooms_4_2.png */,
				A1F42C011BADD90A00D85D06 /* house_rooms_4_3.png */,
				A1F42C021BADD90A00D85D06 /* house_rooms_4_4.png */,
			);
			path = tiles;
			sourceTree = "<group>";
		};
/* End PBXGroup section */

/* Begin PBXNativeTarget section */
		A117C7281BA4AD0000964D50 /* Little Family Tree */ = {
			isa = PBXNativeTarget;
			buildConfigurationList = A117C74C1BA4AD0100964D50 /* Build configuration list for PBXNativeTarget "Little Family Tree" */;
			buildPhases = (
				A117C7251BA4AD0000964D50 /* Sources */,
				A117C7261BA4AD0000964D50 /* Frameworks */,
				A117C7271BA4AD0000964D50 /* Resources */,
			);
			buildRules = (
			);
			dependencies = (
			);
			name = "Little Family Tree";
			productName = "Little Family Tree";
			productReference = A117C7291BA4AD0000964D50 /* Little Family Tree.app */;
			productType = "com.apple.product-type.application";
		};
		A117C7411BA4AD0100964D50 /* Little Family TreeTests */ = {
			isa = PBXNativeTarget;
			buildConfigurationList = A117C74F1BA4AD0100964D50 /* Build configuration list for PBXNativeTarget "Little Family TreeTests" */;
			buildPhases = (
				A117C73E1BA4AD0100964D50 /* Sources */,
				A117C73F1BA4AD0100964D50 /* Frameworks */,
				A117C7401BA4AD0100964D50 /* Resources */,
			);
			buildRules = (
			);
			dependencies = (
				A117C7441BA4AD0100964D50 /* PBXTargetDependency */,
			);
			name = "Little Family TreeTests";
			productName = "Little Family TreeTests";
			productReference = A117C7421BA4AD0100964D50 /* Little Family TreeTests.xctest */;
			productType = "com.apple.product-type.bundle.unit-test";
		};
/* End PBXNativeTarget section */

/* Begin PBXProject section */
		A117C7211BA4AD0000964D50 /* Project object */ = {
			isa = PBXProject;
			attributes = {
				LastUpgradeCheck = 0640;
				ORGANIZATIONNAME = Melissa;
				TargetAttributes = {
					A117C7281BA4AD0000964D50 = {
						CreatedOnToolsVersion = 6.4;
					};
					A117C7411BA4AD0100964D50 = {
						CreatedOnToolsVersion = 6.4;
						TestTargetID = A117C7281BA4AD0000964D50;
					};
				};
			};
			buildConfigurationList = A117C7241BA4AD0000964D50 /* Build configuration list for PBXProject "Little Family Tree" */;
			compatibilityVersion = "Xcode 3.2";
			developmentRegion = English;
			hasScannedForEncodings = 0;
			knownRegions = (
				en,
				Base,
			);
			mainGroup = A117C7201BA4AD0000964D50;
			productRefGroup = A117C72A1BA4AD0000964D50 /* Products */;
			projectDirPath = "";
			projectRoot = "";
			targets = (
				A117C7281BA4AD0000964D50 /* Little Family Tree */,
				A117C7411BA4AD0100964D50 /* Little Family TreeTests */,
			);
		};
/* End PBXProject section */

/* Begin PBXResourcesBuildPhase section */
		A117C7271BA4AD0000964D50 /* Resources */ = {
			isa = PBXResourcesBuildPhase;
			buildActionMask = 2147483647;
			files = (
				A1B554511BB231EF00DF709F /* house_adult_wardrobe.png in Resources */,
				A1F42C091BADD90A00D85D06 /* house_rooms_1_2.png in Resources */,
				A1F42C321BADFCCA00D85D06 /* house_kitchen_c.png in Resources */,
				A1F42C301BADFCCA00D85D06 /* house_kitchen_a.png in Resources */,
				A1B554651BB23BE400DF709F /* house_music_guitar.png in Resources */,
				A1576D191BACDE9B001517D7 /* house_cloud1.png in Resources */,
				A1F42BE91BADD62400D85D06 /* house_flowers_a5.png in Resources */,
				A1F42C111BADD90A00D85D06 /* house_rooms_3_0.png in Resources */,
				A1F42C0E1BADD90A00D85D06 /* house_rooms_2_2.png in Resources */,
				A1F42BE51BADD62400D85D06 /* house_flowers_a1.png in Resources */,
				A1F42C031BADD90A00D85D06 /* house_rooms_0_1.png in Resources */,
				A1F42C3B1BADFCED00D85D06 /* house_toaster1.png in Resources */,
				A1B554561BB2380B00DF709F /* house_light_a1.png in Resources */,
				A1F42C391BADFCE100D85D06 /* house_kitchen_kettle.png in Resources */,
				A1F42C211BADFA1900D85D06 /* house_familyroom_frame.png in Resources */,
				A1B554501BB231EF00DF709F /* house_adult_vanity.png in Resources */,
				A1B5544F1BB231EF00DF709F /* house_adult_bed.png in Resources */,
				A1F42C271BADFB2E00D85D06 /* house_chilldroom_paint.png in Resources */,
				A1F42C071BADD90A00D85D06 /* house_rooms_1_0.png in Resources */,
				A1B554581BB2380B00DF709F /* house_light_b1.png in Resources */,
				A1B554661BB23BE400DF709F /* house_music_piano.png in Resources */,
				A1F42BD91BADD03300D85D06 /* house_cloud1b.png in Resources */,
				A1B554611BB23BCF00DF709F /* house_music_drums.png in Resources */,
				A117C73D1BA4AD0000964D50 /* LaunchScreen.xib in Resources */,
				A1F42BDD1BADD03300D85D06 /* house_cloud2.png in Resources */,
				A1F42C061BADD90A00D85D06 /* house_rooms_0_4.png in Resources */,
				A1F42BDB1BADD03300D85D06 /* house_cloud1d.png in Resources */,
				A1F42C171BADD90A00D85D06 /* house_rooms_4_2.png in Resources */,
				A117C73A1BA4AD0000964D50 /* Images.xcassets in Resources */,
				A1F42BDF1BADD3E500D85D06 /* house_tree1.png in Resources */,
				A1F42C131BADD90A00D85D06 /* house_rooms_3_2.png in Resources */,
				A117C7311BA4AD0000964D50 /* GameScene.sks in Resources */,
				A1F42BDA1BADD03300D85D06 /* house_cloud1c.png in Resources */,
				A1F42C191BADD90A00D85D06 /* house_rooms_4_4.png in Resources */,
				A1F42C151BADD90A00D85D06 /* house_rooms_3_4.png in Resources */,
				A1F42BE61BADD62400D85D06 /* house_flowers_a2.png in Resources */,
				A1F42C0D1BADD90A00D85D06 /* house_rooms_2_1.png in Resources */,
				A1F42C311BADFCCA00D85D06 /* house_kitchen_b.png in Resources */,
				A1F42C181BADD90A00D85D06 /* house_rooms_4_3.png in Resources */,
				A1F42C051BADD90A00D85D06 /* house_rooms_0_3.png in Resources */,
				A1F42C141BADD90A00D85D06 /* house_rooms_3_3.png in Resources */,
				A1F42BDC1BADD03300D85D06 /* house_cloud1e.png in Resources */,
				A1F42C121BADD90A00D85D06 /* house_rooms_3_1.png in Resources */,
				A1F42C1B1BADE97900D85D06 /* house_familyroom_couch.png in Resources */,
				A1F42C081BADD90A00D85D06 /* house_rooms_1_1.png in Resources */,
				A1F42C341BADFCCA00D85D06 /* house_kitchen_e.png in Resources */,
				A1F42C371BADFCD500D85D06 /* house_kitchen_fridge.png in Resources */,
				A1F42C291BADFC2D00D85D06 /* house_chilldroom_teddy.png in Resources */,
				A1B5545F1BB23B9500DF709F /* house_toys_horse.png in Resources */,
				A1576D151BACDADC001517D7 /* house_background2.png in Resources */,
				A1F42C0B1BADD90A00D85D06 /* house_rooms_1_4.png in Resources */,
				A1F42BD81BADD03300D85D06 /* house_cloud1a.png in Resources */,
				A117C7381BA4AD0000964D50 /* Main.storyboard in Resources */,
				A1F42C351BADFCCA00D85D06 /* house_kitchen_freezer.png in Resources */,
				A1B554671BB23BE400DF709F /* house_music_trumpet.png in Resources */,
				A1F42C1F1BADF84000D85D06 /* house_familyroom_table.png in Resources */,
				A1F42C161BADD90A00D85D06 /* house_rooms_4_1.png in Resources */,
				A1F42C041BADD90A00D85D06 /* house_rooms_0_2.png in Resources */,
				A1B5545B1BB23B7E00DF709F /* house_toys_bat.png in Resources */,
				A1F42C0A1BADD90A00D85D06 /* house_rooms_1_3.png in Resources */,
				A1F42C231BADFA2400D85D06 /* house_chilldroom_bed.png in Resources */,
				A1F42C0C1BADD90A00D85D06 /* house_rooms_2_0.png in Resources */,
				A1F42C1E1BADF84000D85D06 /* house_familyroom_lamp1.png in Resources */,
				A1F42BE71BADD62400D85D06 /* house_flowers_a3.png in Resources */,
				A1B5545D1BB23B8C00DF709F /* house_toys_blocks.png in Resources */,
				A1F42C101BADD90A00D85D06 /* house_rooms_2_4.png in Resources */,
				A1B554571BB2380B00DF709F /* house_light_a2.png in Resources */,
				A1F42C0F1BADD90A00D85D06 /* house_rooms_2_3.png in Resources */,
				A1B554591BB2380B00DF709F /* house_light_b2.png in Resources */,
				A1F42C251BADFB2400D85D06 /* house_chilldroom_desk.png in Resources */,
				A1F42BE81BADD62400D85D06 /* house_flowers_a4.png in Resources */,
				A1F42C331BADFCCA00D85D06 /* house_kitchen_d.png in Resources */,
			);
			runOnlyForDeploymentPostprocessing = 0;
		};
		A117C7401BA4AD0100964D50 /* Resources */ = {
			isa = PBXResourcesBuildPhase;
			buildActionMask = 2147483647;
			files = (
			);
			runOnlyForDeploymentPostprocessing = 0;
		};
/* End PBXResourcesBuildPhase section */

/* Begin PBXSourcesBuildPhase section */
		A117C7251BA4AD0000964D50 /* Sources */ = {
			isa = PBXSourcesBuildPhase;
			buildActionMask = 2147483647;
			files = (
				A117C7331BA4AD0000964D50 /* GameScene.swift in Sources */,
				A117C7351BA4AD0000964D50 /* GameViewController.swift in Sources */,
				A1ACFA621BB562BE003E4D66 /* Media.swift in Sources */,
				A1ACFA6B1BB56B90003E4D66 /* SwiftyJSON.swift in Sources */,
				A1ACFA6A1BB56B90003E4D66 /* RemoteService.swift in Sources */,
				A1ACFA691BB56B90003E4D66 /* FamilySearchService.swift in Sources */,
				A1ACFA611BB562BE003E4D66 /* LittlePerson.swift in Sources */,
				A117C72F1BA4AD0000964D50 /* AppDelegate.swift in Sources */,
				A1B554691BB240FD00DF709F /* AnimatedStateSprite.swift in Sources */,
				A1ACFA641BB562BE003E4D66 /* RelationshipType.swift in Sources */,
				A1ACFA601BB562BE003E4D66 /* GenderType.swift in Sources */,
				A1ACFA631BB562BE003E4D66 /* Relationship.swift in Sources */,
			);
			runOnlyForDeploymentPostprocessing = 0;
		};
		A117C73E1BA4AD0100964D50 /* Sources */ = {
			isa = PBXSourcesBuildPhase;
			buildActionMask = 2147483647;
			files = (
				A117C7491BA4AD0100964D50 /* Little_Family_TreeTests.swift in Sources */,
			);
			runOnlyForDeploymentPostprocessing = 0;
		};
/* End PBXSourcesBuildPhase section */

/* Begin PBXTargetDependency section */
		A117C7441BA4AD0100964D50 /* PBXTargetDependency */ = {
			isa = PBXTargetDependency;
			target = A117C7281BA4AD0000964D50 /* Little Family Tree */;
			targetProxy = A117C7431BA4AD0100964D50 /* PBXContainerItemProxy */;
		};
/* End PBXTargetDependency section */

/* Begin PBXVariantGroup section */
		A117C7361BA4AD0000964D50 /* Main.storyboard */ = {
			isa = PBXVariantGroup;
			children = (
				A117C7371BA4AD0000964D50 /* Base */,
			);
			name = Main.storyboard;
			sourceTree = "<group>";
		};
		A117C73B1BA4AD0000964D50 /* LaunchScreen.xib */ = {
			isa = PBXVariantGroup;
			children = (
				A117C73C1BA4AD0000964D50 /* Base */,
			);
			name = LaunchScreen.xib;
			sourceTree = "<group>";
		};
/* End PBXVariantGroup section */

/* Begin XCBuildConfiguration section */
		A117C74A1BA4AD0100964D50 /* Debug */ = {
			isa = XCBuildConfiguration;
			buildSettings = {
				ALWAYS_SEARCH_USER_PATHS = NO;
				CLANG_CXX_LANGUAGE_STANDARD = "gnu++0x";
				CLANG_CXX_LIBRARY = "libc++";
				CLANG_ENABLE_MODULES = YES;
				CLANG_ENABLE_OBJC_ARC = YES;
				CLANG_WARN_BOOL_CONVERSION = YES;
				CLANG_WARN_CONSTANT_CONVERSION = YES;
				CLANG_WARN_DIRECT_OBJC_ISA_USAGE = YES_ERROR;
				CLANG_WARN_EMPTY_BODY = YES;
				CLANG_WARN_ENUM_CONVERSION = YES;
				CLANG_WARN_INT_CONVERSION = YES;
				CLANG_WARN_OBJC_ROOT_CLASS = YES_ERROR;
				CLANG_WARN_UNREACHABLE_CODE = YES;
				CLANG_WARN__DUPLICATE_METHOD_MATCH = YES;
				"CODE_SIGN_IDENTITY[sdk=iphoneos*]" = "iPhone Developer";
				COPY_PHASE_STRIP = NO;
				DEBUG_INFORMATION_FORMAT = "dwarf-with-dsym";
				ENABLE_STRICT_OBJC_MSGSEND = YES;
				GCC_C_LANGUAGE_STANDARD = gnu99;
				GCC_DYNAMIC_NO_PIC = NO;
				GCC_NO_COMMON_BLOCKS = YES;
				GCC_OPTIMIZATION_LEVEL = 0;
				GCC_PREPROCESSOR_DEFINITIONS = (
					"DEBUG=1",
					"$(inherited)",
				);
				GCC_SYMBOLS_PRIVATE_EXTERN = NO;
				GCC_WARN_64_TO_32_BIT_CONVERSION = YES;
				GCC_WARN_ABOUT_RETURN_TYPE = YES_ERROR;
				GCC_WARN_UNDECLARED_SELECTOR = YES;
				GCC_WARN_UNINITIALIZED_AUTOS = YES_AGGRESSIVE;
				GCC_WARN_UNUSED_FUNCTION = YES;
				GCC_WARN_UNUSED_VARIABLE = YES;
				IPHONEOS_DEPLOYMENT_TARGET = 8.4;
				MTL_ENABLE_DEBUG_INFO = YES;
				ONLY_ACTIVE_ARCH = YES;
				SDKROOT = iphoneos;
				SWIFT_OPTIMIZATION_LEVEL = "-Onone";
				TARGETED_DEVICE_FAMILY = "1,2";
			};
			name = Debug;
		};
		A117C74B1BA4AD0100964D50 /* Release */ = {
			isa = XCBuildConfiguration;
			buildSettings = {
				ALWAYS_SEARCH_USER_PATHS = NO;
				CLANG_CXX_LANGUAGE_STANDARD = "gnu++0x";
				CLANG_CXX_LIBRARY = "libc++";
				CLANG_ENABLE_MODULES = YES;
				CLANG_ENABLE_OBJC_ARC = YES;
				CLANG_WARN_BOOL_CONVERSION = YES;
				CLANG_WARN_CONSTANT_CONVERSION = YES;
				CLANG_WARN_DIRECT_OBJC_ISA_USAGE = YES_ERROR;
				CLANG_WARN_EMPTY_BODY = YES;
				CLANG_WARN_ENUM_CONVERSION = YES;
				CLANG_WARN_INT_CONVERSION = YES;
				CLANG_WARN_OBJC_ROOT_CLASS = YES_ERROR;
				CLANG_WARN_UNREACHABLE_CODE = YES;
				CLANG_WARN__DUPLICATE_METHOD_MATCH = YES;
				"CODE_SIGN_IDENTITY[sdk=iphoneos*]" = "iPhone Developer";
				COPY_PHASE_STRIP = NO;
				DEBUG_INFORMATION_FORMAT = "dwarf-with-dsym";
				ENABLE_NS_ASSERTIONS = NO;
				ENABLE_STRICT_OBJC_MSGSEND = YES;
				GCC_C_LANGUAGE_STANDARD = gnu99;
				GCC_NO_COMMON_BLOCKS = YES;
				GCC_WARN_64_TO_32_BIT_CONVERSION = YES;
				GCC_WARN_ABOUT_RETURN_TYPE = YES_ERROR;
				GCC_WARN_UNDECLARED_SELECTOR = YES;
				GCC_WARN_UNINITIALIZED_AUTOS = YES_AGGRESSIVE;
				GCC_WARN_UNUSED_FUNCTION = YES;
				GCC_WARN_UNUSED_VARIABLE = YES;
				IPHONEOS_DEPLOYMENT_TARGET = 8.4;
				MTL_ENABLE_DEBUG_INFO = NO;
				SDKROOT = iphoneos;
				TARGETED_DEVICE_FAMILY = "1,2";
				VALIDATE_PRODUCT = YES;
			};
			name = Release;
		};
		A117C74D1BA4AD0100964D50 /* Debug */ = {
			isa = XCBuildConfiguration;
			buildSettings = {
				ASSETCATALOG_COMPILER_APPICON_NAME = AppIcon;
				INFOPLIST_FILE = "Little Family Tree/Info.plist";
				IPHONEOS_DEPLOYMENT_TARGET = 7.0;
				LD_RUNPATH_SEARCH_PATHS = "$(inherited) @executable_path/Frameworks";
				PRODUCT_NAME = "$(TARGET_NAME)";
				TARGETED_DEVICE_FAMILY = "1,2";
			};
			name = Debug;
		};
		A117C74E1BA4AD0100964D50 /* Release */ = {
			isa = XCBuildConfiguration;
			buildSettings = {
				ASSETCATALOG_COMPILER_APPICON_NAME = AppIcon;
				INFOPLIST_FILE = "Little Family Tree/Info.plist";
				IPHONEOS_DEPLOYMENT_TARGET = 7.0;
				LD_RUNPATH_SEARCH_PATHS = "$(inherited) @executable_path/Frameworks";
				PRODUCT_NAME = "$(TARGET_NAME)";
				TARGETED_DEVICE_FAMILY = "1,2";
			};
			name = Release;
		};
		A117C7501BA4AD0100964D50 /* Debug */ = {
			isa = XCBuildConfiguration;
			buildSettings = {
				BUNDLE_LOADER = "$(TEST_HOST)";
				FRAMEWORK_SEARCH_PATHS = (
					"$(SDKROOT)/Developer/Library/Frameworks",
					"$(inherited)",
				);
				GCC_PREPROCESSOR_DEFINITIONS = (
					"DEBUG=1",
					"$(inherited)",
				);
				INFOPLIST_FILE = "Little Family TreeTests/Info.plist";
				LD_RUNPATH_SEARCH_PATHS = "$(inherited) @executable_path/Frameworks @loader_path/Frameworks";
				PRODUCT_NAME = "$(TARGET_NAME)";
				TEST_HOST = "$(BUILT_PRODUCTS_DIR)/Little Family Tree.app/Little Family Tree";
			};
			name = Debug;
		};
		A117C7511BA4AD0100964D50 /* Release */ = {
			isa = XCBuildConfiguration;
			buildSettings = {
				BUNDLE_LOADER = "$(TEST_HOST)";
				FRAMEWORK_SEARCH_PATHS = (
					"$(SDKROOT)/Developer/Library/Frameworks",
					"$(inherited)",
				);
				INFOPLIST_FILE = "Little Family TreeTests/Info.plist";
				LD_RUNPATH_SEARCH_PATHS = "$(inherited) @executable_path/Frameworks @loader_path/Frameworks";
				PRODUCT_NAME = "$(TARGET_NAME)";
				TEST_HOST = "$(BUILT_PRODUCTS_DIR)/Little Family Tree.app/Little Family Tree";
			};
			name = Release;
		};
/* End XCBuildConfiguration section */

/* Begin XCConfigurationList section */
		A117C7241BA4AD0000964D50 /* Build configuration list for PBXProject "Little Family Tree" */ = {
			isa = XCConfigurationList;
			buildConfigurations = (
				A117C74A1BA4AD0100964D50 /* Debug */,
				A117C74B1BA4AD0100964D50 /* Release */,
			);
			defaultConfigurationIsVisible = 0;
			defaultConfigurationName = Release;
		};
		A117C74C1BA4AD0100964D50 /* Build configuration list for PBXNativeTarget "Little Family Tree" */ = {
			isa = XCConfigurationList;
			buildConfigurations = (
				A117C74D1BA4AD0100964D50 /* Debug */,
				A117C74E1BA4AD0100964D50 /* Release */,
			);
			defaultConfigurationIsVisible = 0;
			defaultConfigurationName = Release;
		};
		A117C74F1BA4AD0100964D50 /* Build configuration list for PBXNativeTarget "Little Family TreeTests" */ = {
			isa = XCConfigurationList;
			buildConfigurations = (
				A117C7501BA4AD0100964D50 /* Debug */,
				A117C7511BA4AD0100964D50 /* Release */,
			);
			defaultConfigurationIsVisible = 0;
			defaultConfigurationName = Release;
		};
/* End XCConfigurationList section */
	};
	rootObject = A117C7211BA4AD0000964D50 /* Project object */;
}
